
Microsoft Visual Studio Solution File, Format Version 12.00
# Visual Studio Version 17
VisualStudioVersion = 17.11.35312.102
MinimumVisualStudioVersion = 10.0.40219.1
Project("{9A19103F-16F7-4668-BE54-9A1E7A4F7556}") = "BusinessCardApi", "BusinessCardApi\BusinessCardApi.csproj", "{00A1079B-A017-4C5B-B26B-705AE4AB7FAB}"
EndProject
Project("{FAE04EC0-301F-11D3-BF4B-00C04F79EFBC}") = "BusinessCardUnitTest", "BusinessCardUnitTest\BusinessCardUnitTest.csproj", "{6B996AB4-D5B5-44C9-8050-26FB1DFA12AA}"
EndProject
Global
	GlobalSection(SolutionConfigurationPlatforms) = preSolution
		Debug|Any CPU = Debug|Any CPU
		Release|Any CPU = Release|Any CPU
	EndGlobalSection
	GlobalSection(ProjectConfigurationPlatforms) = postSolution
		{00A1079B-A017-4C5B-B26B-705AE4AB7FAB}.Debug|Any CPU.ActiveCfg = Debug|Any CPU
		{00A1079B-A017-4C5B-B26B-705AE4AB7FAB}.Debug|Any CPU.Build.0 = Debug|Any CPU
		{00A1079B-A017-4C5B-B26B-705AE4AB7FAB}.Release|Any CPU.ActiveCfg = Release|Any CPU
		{00A1079B-A017-4C5B-B26B-705AE4AB7FAB}.Release|Any CPU.Build.0 = Release|Any CPU
		{6B996AB4-D5B5-44C9-8050-26FB1DFA12AA}.Debug|Any CPU.ActiveCfg = Debug|Any CPU
		{6B996AB4-D5B5-44C9-8050-26FB1DFA12AA}.Debug|Any CPU.Build.0 = Debug|Any CPU
		{6B996AB4-D5B5-44C9-8050-26FB1DFA12AA}.Release|Any CPU.ActiveCfg = Release|Any CPU
		{6B996AB4-D5B5-44C9-8050-26FB1DFA12AA}.Release|Any CPU.Build.0 = Release|Any CPU
	EndGlobalSection
	GlobalSection(SolutionProperties) = preSolution
		HideSolutionNode = FALSE
	EndGlobalSection
	GlobalSection(ExtensibilityGlobals) = postSolution
		SolutionGuid = {B4282271-2695-400C-942E-34EC167218C2}
	EndGlobalSection
EndGlobal
